PODS:
  - SwiftHamcrest (2.2.1)
  - VillageWalletSDK (4.3.0)

DEPENDENCIES:
  - SwiftHamcrest (~> 2.2.1)
  - VillageWalletSDK (from `../`)

SPEC REPOS:
  trunk:
    - SwiftHamcrest

EXTERNAL SOURCES:
  VillageWalletSDK:
    :path: "../"

SPEC CHECKSUMS:
  SwiftHamcrest: 67454f9c4c7fae8d7a0f82dfd42f8a54a79095b1
  VillageWalletSDK: 424a4d81fb6afb91ee32fb06b51e9fd8b902e09b

PODFILE CHECKSUM: aa0efc044c3ab062130326c8b12b1d63e17a9227

COCOAPODS: 1.10.2
