PODS:
  - SwiftHamcrest (2.2.1)
  - VillageWalletSDK (4.4.5)

DEPENDENCIES:
  - SwiftHamcrest (~> 2.2.1)
  - VillageWalletSDK (from `../`)

SPEC REPOS:
  trunk:
    - SwiftHamcrest

EXTERNAL SOURCES:
  VillageWalletSDK:
    :path: "../"

SPEC CHECKSUMS:
  SwiftHamcrest: 67454f9c4c7fae8d7a0f82dfd42f8a54a79095b1
  VillageWalletSDK: d47cfba2ca0f5a7a85229672439155945abbd7c8

PODFILE CHECKSUM: aa0efc044c3ab062130326c8b12b1d63e17a9227

COCOAPODS: 1.10.2
